
Microsoft Visual Studio Solution File, Format Version 12.00
# Visual Studio Version 17
VisualStudioVersion = 17.1.32210.238
MinimumVisualStudioVersion = 10.0.40219.1
Project("{F184B08F-C81C-45F6-A57F-5ABD9991F28F}") = "Charlotte-Childers-CPT-206-Final-Project", "Charlotte-Childers-CPT-206-Final-Project.vbproj", "{1AB29527-32E6-4CB9-AB4F-AC2A58B9DF1A}"
EndProject
Global
	GlobalSection(SolutionConfigurationPlatforms) = preSolution
		Debug|Any CPU = Debug|Any CPU
		Release|Any CPU = Release|Any CPU
	EndGlobalSection
	GlobalSection(ProjectConfigurationPlatforms) = postSolution
		{1AB29527-32E6-4CB9-AB4F-AC2A58B9DF1A}.Debug|Any CPU.ActiveCfg = Debug|Any CPU
		{1AB29527-32E6-4CB9-AB4F-AC2A58B9DF1A}.Debug|Any CPU.Build.0 = Debug|Any CPU
		{1AB29527-32E6-4CB9-AB4F-AC2A58B9DF1A}.Release|Any CPU.ActiveCfg = Release|Any CPU
		{1AB29527-32E6-4CB9-AB4F-AC2A58B9DF1A}.Release|Any CPU.Build.0 = Release|Any CPU
	EndGlobalSection
	GlobalSection(SolutionProperties) = preSolution
		HideSolutionNode = FALSE
	EndGlobalSection
	GlobalSection(ExtensibilityGlobals) = postSolution
		SolutionGuid = {EE09FBA1-1E32-4093-B9A5-573EDC1C3247}
	EndGlobalSection
EndGlobal
